
Microsoft Visual Studio Solution File, Format Version 12.00
Project("{FAE04EC0-301F-11D3-BF4B-00C04F79EFBC}") = "ConsoleManager", "src\ConsoleManager\ConsoleManager.csproj", "{67B98FEC-141A-4B13-9CB4-2DE1A57E8864}"
EndProject
Project("{FAE04EC0-301F-11D3-BF4B-00C04F79EFBC}") = "ConsoleManager.Test", "src\ConsoleManager.Test\ConsoleManager.Test.csproj", "{CA216EC2-6499-43BE-BAC7-B4CD1BF1169C}"
EndProject
Global
	GlobalSection(SolutionConfigurationPlatforms) = preSolution
		Debug|Any CPU = Debug|Any CPU
		Release|Any CPU = Release|Any CPU
	EndGlobalSection
	GlobalSection(ProjectConfigurationPlatforms) = postSolution
		{67B98FEC-141A-4B13-9CB4-2DE1A57E8864}.Debug|Any CPU.ActiveCfg = Debug|Any CPU
		{67B98FEC-141A-4B13-9CB4-2DE1A57E8864}.Debug|Any CPU.Build.0 = Debug|Any CPU
		{67B98FEC-141A-4B13-9CB4-2DE1A57E8864}.Release|Any CPU.ActiveCfg = Release|Any CPU
		{67B98FEC-141A-4B13-9CB4-2DE1A57E8864}.Release|Any CPU.Build.0 = Release|Any CPU
		{CA216EC2-6499-43BE-BAC7-B4CD1BF1169C}.Debug|Any CPU.ActiveCfg = Debug|Any CPU
		{CA216EC2-6499-43BE-BAC7-B4CD1BF1169C}.Debug|Any CPU.Build.0 = Debug|Any CPU
		{CA216EC2-6499-43BE-BAC7-B4CD1BF1169C}.Release|Any CPU.ActiveCfg = Release|Any CPU
		{CA216EC2-6499-43BE-BAC7-B4CD1BF1169C}.Release|Any CPU.Build.0 = Release|Any CPU
	EndGlobalSection
EndGlobal
